
Microsoft Visual Studio Solution File, Format Version 12.00
# Visual Studio Version 16
VisualStudioVersion = 16.0.31025.194
MinimumVisualStudioVersion = 10.0.40219.1
Project("{FAE04EC0-301F-11D3-BF4B-00C04F79EFBC}") = "Task 1.1.7", "Task 1.1.7\Task 1.1.7.csproj", "{58867ED4-3EBE-4E7B-B1F0-EA21D394B90F}"
EndProject
Global
	GlobalSection(SolutionConfigurationPlatforms) = preSolution
		Debug|Any CPU = Debug|Any CPU
		Release|Any CPU = Release|Any CPU
	EndGlobalSection
	GlobalSection(ProjectConfigurationPlatforms) = postSolution
		{58867ED4-3EBE-4E7B-B1F0-EA21D394B90F}.Debug|Any CPU.ActiveCfg = Debug|Any CPU
		{58867ED4-3EBE-4E7B-B1F0-EA21D394B90F}.Debug|Any CPU.Build.0 = Debug|Any CPU
		{58867ED4-3EBE-4E7B-B1F0-EA21D394B90F}.Release|Any CPU.ActiveCfg = Release|Any CPU
		{58867ED4-3EBE-4E7B-B1F0-EA21D394B90F}.Release|Any CPU.Build.0 = Release|Any CPU
	EndGlobalSection
	GlobalSection(SolutionProperties) = preSolution
		HideSolutionNode = FALSE
	EndGlobalSection
	GlobalSection(ExtensibilityGlobals) = postSolution
		SolutionGuid = {3E913287-A586-4958-AB38-F25B9A3DB5AA}
	EndGlobalSection
EndGlobal
