
Microsoft Visual Studio Solution File, Format Version 12.00
# Visual Studio Version 16
VisualStudioVersion = 16.0.31025.194
MinimumVisualStudioVersion = 10.0.40219.1
Project("{FAE04EC0-301F-11D3-BF4B-00C04F79EFBC}") = "Task 1.1.10", "Task 1.1.10\Task 1.1.10.csproj", "{DDD576CC-C6E7-482B-9DD4-704DBD4AEFBB}"
EndProject
Global
	GlobalSection(SolutionConfigurationPlatforms) = preSolution
		Debug|Any CPU = Debug|Any CPU
		Release|Any CPU = Release|Any CPU
	EndGlobalSection
	GlobalSection(ProjectConfigurationPlatforms) = postSolution
		{DDD576CC-C6E7-482B-9DD4-704DBD4AEFBB}.Debug|Any CPU.ActiveCfg = Debug|Any CPU
		{DDD576CC-C6E7-482B-9DD4-704DBD4AEFBB}.Debug|Any CPU.Build.0 = Debug|Any CPU
		{DDD576CC-C6E7-482B-9DD4-704DBD4AEFBB}.Release|Any CPU.ActiveCfg = Release|Any CPU
		{DDD576CC-C6E7-482B-9DD4-704DBD4AEFBB}.Release|Any CPU.Build.0 = Release|Any CPU
	EndGlobalSection
	GlobalSection(SolutionProperties) = preSolution
		HideSolutionNode = FALSE
	EndGlobalSection
	GlobalSection(ExtensibilityGlobals) = postSolution
		SolutionGuid = {2089E3BA-0131-4C13-BB46-D5FF972B77CC}
	EndGlobalSection
EndGlobal
